
Microsoft Visual Studio Solution File, Format Version 12.00
# Visual Studio Version 17
VisualStudioVersion = 17.0.32112.339
MinimumVisualStudioVersion = 10.0.40219.1
Project("{FAE04EC0-301F-11D3-BF4B-00C04F79EFBC}") = "Lussans_Halen_V1", "Lussans_Halen_V1\Lussans_Halen_V1.csproj", "{8B963DBB-6B8D-4D1C-8BF0-D65FD87E6A58}"
EndProject
Global
	GlobalSection(SolutionConfigurationPlatforms) = preSolution
		Debug|Any CPU = Debug|Any CPU
		Release|Any CPU = Release|Any CPU
	EndGlobalSection
	GlobalSection(ProjectConfigurationPlatforms) = postSolution
		{8B963DBB-6B8D-4D1C-8BF0-D65FD87E6A58}.Debug|Any CPU.ActiveCfg = Debug|Any CPU
		{8B963DBB-6B8D-4D1C-8BF0-D65FD87E6A58}.Debug|Any CPU.Build.0 = Debug|Any CPU
		{8B963DBB-6B8D-4D1C-8BF0-D65FD87E6A58}.Release|Any CPU.ActiveCfg = Release|Any CPU
		{8B963DBB-6B8D-4D1C-8BF0-D65FD87E6A58}.Release|Any CPU.Build.0 = Release|Any CPU
	EndGlobalSection
	GlobalSection(SolutionProperties) = preSolution
		HideSolutionNode = FALSE
	EndGlobalSection
	GlobalSection(ExtensibilityGlobals) = postSolution
		SolutionGuid = {7B16B902-CC6B-4A9A-AEA0-31F4C9540D7B}
	EndGlobalSection
EndGlobal
